
Microsoft Visual Studio Solution File, Format Version 12.00
# Visual Studio Version 17
VisualStudioVersion = 17.5.33516.290
MinimumVisualStudioVersion = 10.0.40219.1
Project("{FAE04EC0-301F-11D3-BF4B-00C04F79EFBC}") = "260328_ResiCalc", "260328_ResiCalc.csproj", "{EBF4EDA3-EF5B-453C-B375-205B3A584D4E}"
EndProject
Global
	GlobalSection(SolutionConfigurationPlatforms) = preSolution
		Debug|Any CPU = Debug|Any CPU
		Release|Any CPU = Release|Any CPU
	EndGlobalSection
	GlobalSection(ProjectConfigurationPlatforms) = postSolution
		{EBF4EDA3-EF5B-453C-B375-205B3A584D4E}.Debug|Any CPU.ActiveCfg = Debug|Any CPU
		{EBF4EDA3-EF5B-453C-B375-205B3A584D4E}.Debug|Any CPU.Build.0 = Debug|Any CPU
		{EBF4EDA3-EF5B-453C-B375-205B3A584D4E}.Release|Any CPU.ActiveCfg = Release|Any CPU
		{EBF4EDA3-EF5B-453C-B375-205B3A584D4E}.Release|Any CPU.Build.0 = Release|Any CPU
	EndGlobalSection
	GlobalSection(SolutionProperties) = preSolution
		HideSolutionNode = FALSE
	EndGlobalSection
	GlobalSection(ExtensibilityGlobals) = postSolution
		SolutionGuid = {57AD22C8-FE9E-41C1-8781-0CF429B5F074}
	EndGlobalSection
EndGlobal
